
Microsoft Visual Studio Solution File, Format Version 12.00
# Visual Studio Version 17
VisualStudioVersion = 17.5.33502.453
MinimumVisualStudioVersion = 10.0.40219.1
Project("{FAE04EC0-301F-11D3-BF4B-00C04F79EFBC}") = "University_db", "University_db.csproj", "{9C752B49-76FE-4D96-9608-6A556D0AF9AA}"
EndProject
Project("{FAE04EC0-301F-11D3-BF4B-00C04F79EFBC}") = "ClassLibrary2", "..\ClassLibrary2\ClassLibrary2.csproj", "{79BEE45B-FA67-48F4-A169-A5A3525FE34F}"
EndProject
Project("{FAE04EC0-301F-11D3-BF4B-00C04F79EFBC}") = "Sql_Storedprocedures", "..\Sql_Storedprocedures\Sql_Storedprocedures.csproj", "{5A62740A-A9D9-4F72-927E-DD4A7E4DFE20}"
EndProject
Project("{FAE04EC0-301F-11D3-BF4B-00C04F79EFBC}") = "Exception_Handling", "..\Exception_Handling\Exception_Handling.csproj", "{F6122EEE-4DB0-4AFE-A7B3-CC4270262FC5}"
EndProject
Global
	GlobalSection(SolutionConfigurationPlatforms) = preSolution
		Debug|Any CPU = Debug|Any CPU
		Release|Any CPU = Release|Any CPU
	EndGlobalSection
	GlobalSection(ProjectConfigurationPlatforms) = postSolution
		{9C752B49-76FE-4D96-9608-6A556D0AF9AA}.Debug|Any CPU.ActiveCfg = Debug|Any CPU
		{9C752B49-76FE-4D96-9608-6A556D0AF9AA}.Debug|Any CPU.Build.0 = Debug|Any CPU
		{9C752B49-76FE-4D96-9608-6A556D0AF9AA}.Release|Any CPU.ActiveCfg = Release|Any CPU
		{9C752B49-76FE-4D96-9608-6A556D0AF9AA}.Release|Any CPU.Build.0 = Release|Any CPU
		{79BEE45B-FA67-48F4-A169-A5A3525FE34F}.Debug|Any CPU.ActiveCfg = Debug|Any CPU
		{79BEE45B-FA67-48F4-A169-A5A3525FE34F}.Debug|Any CPU.Build.0 = Debug|Any CPU
		{79BEE45B-FA67-48F4-A169-A5A3525FE34F}.Release|Any CPU.ActiveCfg = Release|Any CPU
		{79BEE45B-FA67-48F4-A169-A5A3525FE34F}.Release|Any CPU.Build.0 = Release|Any CPU
		{5A62740A-A9D9-4F72-927E-DD4A7E4DFE20}.Debug|Any CPU.ActiveCfg = Debug|Any CPU
		{5A62740A-A9D9-4F72-927E-DD4A7E4DFE20}.Debug|Any CPU.Build.0 = Debug|Any CPU
		{5A62740A-A9D9-4F72-927E-DD4A7E4DFE20}.Release|Any CPU.ActiveCfg = Release|Any CPU
		{5A62740A-A9D9-4F72-927E-DD4A7E4DFE20}.Release|Any CPU.Build.0 = Release|Any CPU
		{F6122EEE-4DB0-4AFE-A7B3-CC4270262FC5}.Debug|Any CPU.ActiveCfg = Debug|Any CPU
		{F6122EEE-4DB0-4AFE-A7B3-CC4270262FC5}.Debug|Any CPU.Build.0 = Debug|Any CPU
		{F6122EEE-4DB0-4AFE-A7B3-CC4270262FC5}.Release|Any CPU.ActiveCfg = Release|Any CPU
		{F6122EEE-4DB0-4AFE-A7B3-CC4270262FC5}.Release|Any CPU.Build.0 = Release|Any CPU
	EndGlobalSection
	GlobalSection(SolutionProperties) = preSolution
		HideSolutionNode = FALSE
	EndGlobalSection
	GlobalSection(ExtensibilityGlobals) = postSolution
		SolutionGuid = {77B54031-B993-47DE-BF3B-AFC4E8A65D9B}
	EndGlobalSection
EndGlobal
